// !$*UTF8*$!
{
	archiveVersion = 1;
	classes = {
	};
	objectVersion = 46;
	objects = {

/* Begin PBXBuildFile section */
		A30E9483DD0BF9CCAD3456AE /* Pods_SuperPlayerPomodoro.framework in Frameworks */ = {isa = PBXBuildFile; fileRef = 991FB68007B66CB6AC3E2E4B /* Pods_SuperPlayerPomodoro.framework */; };
		BD80124F1C44A88600FDE8EF /* RLMPomodoro.swift in Sources */ = {isa = PBXBuildFile; fileRef = BD80124E1C44A88600FDE8EF /* RLMPomodoro.swift */; };
		BD99B10E1C48992000942BA9 /* Assets.xcassets in Resources */ = {isa = PBXBuildFile; fileRef = BD99B10D1C48992000942BA9 /* Assets.xcassets */; };
		BD99B1101C48993700942BA9 /* alien-siren.mp3 in Resources */ = {isa = PBXBuildFile; fileRef = BD99B10F1C48993700942BA9 /* alien-siren.mp3 */; };
		BDC3AC551C44B48300AF7B7C /* PomodoroViewController.swift in Sources */ = {isa = PBXBuildFile; fileRef = BDC3AC541C44B48300AF7B7C /* PomodoroViewController.swift */; };
		BDC3AC5A1C4608AD00AF7B7C /* PomodoroUtils.swift in Sources */ = {isa = PBXBuildFile; fileRef = BDC3AC591C4608AD00AF7B7C /* PomodoroUtils.swift */; };
		BDC3AC5E1C467FB800AF7B7C /* HistoryTableViewCell.swift in Sources */ = {isa = PBXBuildFile; fileRef = BDC3AC5C1C467FB800AF7B7C /* HistoryTableViewCell.swift */; };
		BDC3AC5F1C467FB800AF7B7C /* HistoryTableViewCell.xib in Resources */ = {isa = PBXBuildFile; fileRef = BDC3AC5D1C467FB800AF7B7C /* HistoryTableViewCell.xib */; };
		BDD1F5E91C41D09B00F53201 /* AppDelegate.swift in Sources */ = {isa = PBXBuildFile; fileRef = BDD1F5E81C41D09B00F53201 /* AppDelegate.swift */; };
		BDD1F5EB1C41D09B00F53201 /* MainViewController.swift in Sources */ = {isa = PBXBuildFile; fileRef = BDD1F5EA1C41D09B00F53201 /* MainViewController.swift */; };
		BDD1F5ED1C41D09B00F53201 /* HistoryViewController.swift in Sources */ = {isa = PBXBuildFile; fileRef = BDD1F5EC1C41D09B00F53201 /* HistoryViewController.swift */; };
		BDD1F5F01C41D09B00F53201 /* Main.storyboard in Resources */ = {isa = PBXBuildFile; fileRef = BDD1F5EE1C41D09B00F53201 /* Main.storyboard */; };
		BDD1F5F51C41D09B00F53201 /* LaunchScreen.storyboard in Resources */ = {isa = PBXBuildFile; fileRef = BDD1F5F31C41D09B00F53201 /* LaunchScreen.storyboard */; };
		BDD1F5FD1C41D72E00F53201 /* pomodoro.png in Resources */ = {isa = PBXBuildFile; fileRef = BDD1F5FC1C41D72E00F53201 /* pomodoro.png */; };
/* End PBXBuildFile section */

/* Begin PBXFileReference section */
		0D11DD03147EDA7DE888934F /* Pods-SuperPlayerPomodoro.release.xcconfig */ = {isa = PBXFileReference; includeInIndex = 1; lastKnownFileType = text.xcconfig; name = "Pods-SuperPlayerPomodoro.release.xcconfig"; path = "Pods/Target Support Files/Pods-SuperPlayerPomodoro/Pods-SuperPlayerPomodoro.release.xcconfig"; sourceTree = "<group>"; };
		94DFDEBEE065D5F199C17861 /* Pods-SuperPlayerPomodoro.debug.xcconfig */ = {isa = PBXFileReference; includeInIndex = 1; lastKnownFileType = text.xcconfig; name = "Pods-SuperPlayerPomodoro.debug.xcconfig"; path = "Pods/Target Support Files/Pods-SuperPlayerPomodoro/Pods-SuperPlayerPomodoro.debug.xcconfig"; sourceTree = "<group>"; };
		991FB68007B66CB6AC3E2E4B /* Pods_SuperPlayerPomodoro.framework */ = {isa = PBXFileReference; explicitFileType = wrapper.framework; includeInIndex = 0; path = Pods_SuperPlayerPomodoro.framework; sourceTree = BUILT_PRODUCTS_DIR; };
		BD80124E1C44A88600FDE8EF /* RLMPomodoro.swift */ = {isa = PBXFileReference; fileEncoding = 4; lastKnownFileType = sourcecode.swift; path = RLMPomodoro.swift; sourceTree = "<group>"; };
		BD99B10D1C48992000942BA9 /* Assets.xcassets */ = {isa = PBXFileReference; lastKnownFileType = folder.assetcatalog; path = Assets.xcassets; sourceTree = "<group>"; };
		BD99B10F1C48993700942BA9 /* alien-siren.mp3 */ = {isa = PBXFileReference; lastKnownFileType = audio.mp3; path = "alien-siren.mp3"; sourceTree = "<group>"; };
		BDC3AC541C44B48300AF7B7C /* PomodoroViewController.swift */ = {isa = PBXFileReference; fileEncoding = 4; lastKnownFileType = sourcecode.swift; path = PomodoroViewController.swift; sourceTree = "<group>"; };
		BDC3AC591C4608AD00AF7B7C /* PomodoroUtils.swift */ = {isa = PBXFileReference; fileEncoding = 4; lastKnownFileType = sourcecode.swift; path = PomodoroUtils.swift; sourceTree = "<group>"; };
		BDC3AC5C1C467FB800AF7B7C /* HistoryTableViewCell.swift */ = {isa = PBXFileReference; fileEncoding = 4; lastKnownFileType = sourcecode.swift; path = HistoryTableViewCell.swift; sourceTree = "<group>"; };
		BDC3AC5D1C467FB800AF7B7C /* HistoryTableViewCell.xib */ = {isa = PBXFileReference; fileEncoding = 4; lastKnownFileType = file.xib; path = HistoryTableViewCell.xib; sourceTree = "<group>"; };
		BDD1F5E51C41D09B00F53201 /* SuperPlayerPomodoro.app */ = {isa = PBXFileReference; explicitFileType = wrapper.application; includeInIndex = 0; path = SuperPlayerPomodoro.app; sourceTree = BUILT_PRODUCTS_DIR; };
		BDD1F5E81C41D09B00F53201 /* AppDelegate.swift */ = {isa = PBXFileReference; lastKnownFileType = sourcecode.swift; path = AppDelegate.swift; sourceTree = "<group>"; };
		BDD1F5EA1C41D09B00F53201 /* MainViewController.swift */ = {isa = PBXFileReference; lastKnownFileType = sourcecode.swift; path = MainViewController.swift; sourceTree = "<group>"; };
		BDD1F5EC1C41D09B00F53201 /* HistoryViewController.swift */ = {isa = PBXFileReference; lastKnownFileType = sourcecode.swift; path = HistoryViewController.swift; sourceTree = "<group>"; };
		BDD1F5EF1C41D09B00F53201 /* Base */ = {isa = PBXFileReference; lastKnownFileType = file.storyboard; name = Base; path = Base.lproj/Main.storyboard; sourceTree = "<group>"; };
		BDD1F5F41C41D09B00F53201 /* Base */ = {isa = PBXFileReference; lastKnownFileType = file.storyboard; name = Base; path = Base.lproj/LaunchScreen.storyboard; sourceTree = "<group>"; };
		BDD1F5F61C41D09B00F53201 /* Info.plist */ = {isa = PBXFileReference; lastKnownFileType = text.plist.xml; path = Info.plist; sourceTree = "<group>"; };
		BDD1F5FC1C41D72E00F53201 /* pomodoro.png */ = {isa = PBXFileReference; lastKnownFileType = image.png; path = pomodoro.png; sourceTree = "<group>"; };
/* End PBXFileReference section */

/* Begin PBXFrameworksBuildPhase section */
		BDD1F5E21C41D09B00F53201 /* Frameworks */ = {
			isa = PBXFrameworksBuildPhase;
			buildActionMask = 2147483647;
			files = (
				A30E9483DD0BF9CCAD3456AE /* Pods_SuperPlayerPomodoro.framework in Frameworks */,
			);
			runOnlyForDeploymentPostprocessing = 0;
		};
/* End PBXFrameworksBuildPhase section */

/* Begin PBXGroup section */
		423FD649538AF6739D2C677A /* Frameworks */ = {
			isa = PBXGroup;
			children = (
				991FB68007B66CB6AC3E2E4B /* Pods_SuperPlayerPomodoro.framework */,
			);
			name = Frameworks;
			sourceTree = "<group>";
		};
		8356618B04F38B6639D19B08 /* Pods */ = {
			isa = PBXGroup;
			children = (
				94DFDEBEE065D5F199C17861 /* Pods-SuperPlayerPomodoro.debug.xcconfig */,
				0D11DD03147EDA7DE888934F /* Pods-SuperPlayerPomodoro.release.xcconfig */,
			);
			name = Pods;
			sourceTree = "<group>";
		};
		BD37B3051C44A4300065ED78 /* Models */ = {
			isa = PBXGroup;
			children = (
				BD80124E1C44A88600FDE8EF /* RLMPomodoro.swift */,
			);
			name = Models;
			sourceTree = "<group>";
		};
		BD99B10B1C4898CC00942BA9 /* Assets */ = {
			isa = PBXGroup;
			children = (
				BD99B10C1C4898D200942BA9 /* Sounds */,
			);
			name = Assets;
			sourceTree = "<group>";
		};
		BD99B10C1C4898D200942BA9 /* Sounds */ = {
			isa = PBXGroup;
			children = (
				BD99B10F1C48993700942BA9 /* alien-siren.mp3 */,
			);
			name = Sounds;
			sourceTree = "<group>";
		};
		BDC3AC561C44B49100AF7B7C /* ViewControllers */ = {
			isa = PBXGroup;
			children = (
				BDD1F5EA1C41D09B00F53201 /* MainViewController.swift */,
				BDD1F5EC1C41D09B00F53201 /* HistoryViewController.swift */,
				BDC3AC541C44B48300AF7B7C /* PomodoroViewController.swift */,
			);
			name = ViewControllers;
			sourceTree = "<group>";
		};
		BDC3AC581C46087A00AF7B7C /* Utils */ = {
			isa = PBXGroup;
			children = (
				BDC3AC591C4608AD00AF7B7C /* PomodoroUtils.swift */,
			);
			name = Utils;
			sourceTree = "<group>";
		};
		BDC3AC5B1C467F8B00AF7B7C /* Views */ = {
			isa = PBXGroup;
			children = (
				BDC3AC5C1C467FB800AF7B7C /* HistoryTableViewCell.swift */,
				BDC3AC5D1C467FB800AF7B7C /* HistoryTableViewCell.xib */,
			);
			name = Views;
			sourceTree = "<group>";
		};
		BDD1F5DC1C41D09B00F53201 = {
			isa = PBXGroup;
			children = (
				BDD1F5E71C41D09B00F53201 /* SuperPlayerPomodoro */,
				BDD1F5E61C41D09B00F53201 /* Products */,
				8356618B04F38B6639D19B08 /* Pods */,
				423FD649538AF6739D2C677A /* Frameworks */,
			);
			sourceTree = "<group>";
		};
		BDD1F5E61C41D09B00F53201 /* Products */ = {
			isa = PBXGroup;
			children = (
				BDD1F5E51C41D09B00F53201 /* SuperPlayerPomodoro.app */,
			);
			name = Products;
			sourceTree = "<group>";
		};
		BDD1F5E71C41D09B00F53201 /* SuperPlayerPomodoro */ = {
			isa = PBXGroup;
			children = (
				BD99B10B1C4898CC00942BA9 /* Assets */,
				BDC3AC5B1C467F8B00AF7B7C /* Views */,
				BDC3AC581C46087A00AF7B7C /* Utils */,
				BDC3AC561C44B49100AF7B7C /* ViewControllers */,
				BD37B3051C44A4300065ED78 /* Models */,
				BDD1F5E81C41D09B00F53201 /* AppDelegate.swift */,
				BD99B10D1C48992000942BA9 /* Assets.xcassets */,
				BDD1F5EE1C41D09B00F53201 /* Main.storyboard */,
				BDD1F5FC1C41D72E00F53201 /* pomodoro.png */,
				BDD1F5F31C41D09B00F53201 /* LaunchScreen.storyboard */,
				BDD1F5F61C41D09B00F53201 /* Info.plist */,
			);
			path = SuperPlayerPomodoro;
			sourceTree = "<group>";
		};
/* End PBXGroup section */

/* Begin PBXNativeTarget section */
		BDD1F5E41C41D09B00F53201 /* SuperPlayerPomodoro */ = {
			isa = PBXNativeTarget;
			buildConfigurationList = BDD1F5F91C41D09B00F53201 /* Build configuration list for PBXNativeTarget "SuperPlayerPomodoro" */;
			buildPhases = (
				3D5C28C62263E6C1EF0770CC /* Check Pods Manifest.lock */,
				BDD1F5E11C41D09B00F53201 /* Sources */,
				BDD1F5E21C41D09B00F53201 /* Frameworks */,
				BDD1F5E31C41D09B00F53201 /* Resources */,
				D09145E61055A3727A001178 /* Embed Pods Frameworks */,
				1B90D4257B378AD68172A4CB /* Copy Pods Resources */,
			);
			buildRules = (
			);
			dependencies = (
			);
			name = SuperPlayerPomodoro;
			productName = SuperPlayerPomodoro;
			productReference = BDD1F5E51C41D09B00F53201 /* SuperPlayerPomodoro.app */;
			productType = "com.apple.product-type.application";
		};
/* End PBXNativeTarget section */

/* Begin PBXProject section */
		BDD1F5DD1C41D09B00F53201 /* Project object */ = {
			isa = PBXProject;
			attributes = {
				LastSwiftUpdateCheck = 0710;
				LastUpgradeCheck = 0710;
				ORGANIZATIONNAME = "Raphael Araújo";
				TargetAttributes = {
					BDD1F5E41C41D09B00F53201 = {
						CreatedOnToolsVersion = 7.1;
						DevelopmentTeam = MFV828C5Z2;
					};
				};
			};
			buildConfigurationList = BDD1F5E01C41D09B00F53201 /* Build configuration list for PBXProject "SuperPlayerPomodoro" */;
			compatibilityVersion = "Xcode 3.2";
			developmentRegion = English;
			hasScannedForEncodings = 0;
			knownRegions = (
				en,
				Base,
			);
			mainGroup = BDD1F5DC1C41D09B00F53201;
			productRefGroup = BDD1F5E61C41D09B00F53201 /* Products */;
			projectDirPath = "";
			projectRoot = "";
			targets = (
				BDD1F5E41C41D09B00F53201 /* SuperPlayerPomodoro */,
			);
		};
/* End PBXProject section */

/* Begin PBXResourcesBuildPhase section */
		BDD1F5E31C41D09B00F53201 /* Resources */ = {
			isa = PBXResourcesBuildPhase;
			buildActionMask = 2147483647;
			files = (
				BDD1F5F51C41D09B00F53201 /* LaunchScreen.storyboard in Resources */,
				BDC3AC5F1C467FB800AF7B7C /* HistoryTableViewCell.xib in Resources */,
				BD99B1101C48993700942BA9 /* alien-siren.mp3 in Resources */,
				BDD1F5FD1C41D72E00F53201 /* pomodoro.png in Resources */,
				BDD1F5F01C41D09B00F53201 /* Main.storyboard in Resources */,
				BD99B10E1C48992000942BA9 /* Assets.xcassets in Resources */,
			);
			runOnlyForDeploymentPostprocessing = 0;
		};
/* End PBXResourcesBuildPhase section */

/* Begin PBXShellScriptBuildPhase section */
		1B90D4257B378AD68172A4CB /* Copy Pods Resources */ = {
			isa = PBXShellScriptBuildPhase;
			buildActionMask = 2147483647;
			files = (
			);
			inputPaths = (
			);
			name = "Copy Pods Resources";
			outputPaths = (
			);
			runOnlyForDeploymentPostprocessing = 0;
			shellPath = /bin/sh;
			shellScript = "\"${SRCROOT}/Pods/Target Support Files/Pods-SuperPlayerPomodoro/Pods-SuperPlayerPomodoro-resources.sh\"\n";
			showEnvVarsInLog = 0;
		};
		3D5C28C62263E6C1EF0770CC /* Check Pods Manifest.lock */ = {
			isa = PBXShellScriptBuildPhase;
			buildActionMask = 2147483647;
			files = (
			);
			inputPaths = (
			);
			name = "Check Pods Manifest.lock";
			outputPaths = (
			);
			runOnlyForDeploymentPostprocessing = 0;
			shellPath = /bin/sh;
			shellScript = "diff \"${PODS_ROOT}/../Podfile.lock\" \"${PODS_ROOT}/Manifest.lock\" > /dev/null\nif [[ $? != 0 ]] ; then\n    cat << EOM\nerror: The sandbox is not in sync with the Podfile.lock. Run 'pod install' or update your CocoaPods installation.\nEOM\n    exit 1\nfi\n";
			showEnvVarsInLog = 0;
		};
		D09145E61055A3727A001178 /* Embed Pods Frameworks */ = {
			isa = PBXShellScriptBuildPhase;
			buildActionMask = 2147483647;
			files = (
			);
			inputPaths = (
			);
			name = "Embed Pods Frameworks";
			outputPaths = (
			);
			runOnlyForDeploymentPostprocessing = 0;
			shellPath = /bin/sh;
			shellScript = "\"${SRCROOT}/Pods/Target Support Files/Pods-SuperPlayerPomodoro/Pods-SuperPlayerPomodoro-frameworks.sh\"\n";
			showEnvVarsInLog = 0;
		};
/* End PBXShellScriptBuildPhase section */

/* Begin PBXSourcesBuildPhase section */
		BDD1F5E11C41D09B00F53201 /* Sources */ = {
			isa = PBXSourcesBuildPhase;
			buildActionMask = 2147483647;
			files = (
				BDD1F5ED1C41D09B00F53201 /* HistoryViewController.swift in Sources */,
				BDD1F5E91C41D09B00F53201 /* AppDelegate.swift in Sources */,
				BDC3AC5E1C467FB800AF7B7C /* HistoryTableViewCell.swift in Sources */,
				BDC3AC5A1C4608AD00AF7B7C /* PomodoroUtils.swift in Sources */,
				BDC3AC551C44B48300AF7B7C /* PomodoroViewController.swift in Sources */,
				BD80124F1C44A88600FDE8EF /* RLMPomodoro.swift in Sources */,
				BDD1F5EB1C41D09B00F53201 /* MainViewController.swift in Sources */,
			);
			runOnlyForDeploymentPostprocessing = 0;
		};
/* End PBXSourcesBuildPhase section */

/* Begin PBXVariantGroup section */
		BDD1F5EE1C41D09B00F53201 /* Main.storyboard */ = {
			isa = PBXVariantGroup;
			children = (
				BDD1F5EF1C41D09B00F53201 /* Base */,
			);
			name = Main.storyboard;
			sourceTree = "<group>";
		};
		BDD1F5F31C41D09B00F53201 /* LaunchScreen.storyboard */ = {
			isa = PBXVariantGroup;
			children = (
				BDD1F5F41C41D09B00F53201 /* Base */,
			);
			name = LaunchScreen.storyboard;
			sourceTree = "<group>";
		};
/* End PBXVariantGroup section */

/* Begin XCBuildConfiguration section */
		BDD1F5F71C41D09B00F53201 /* Debug */ = {
			isa = XCBuildConfiguration;
			buildSettings = {
				ALWAYS_SEARCH_USER_PATHS = NO;
				CLANG_CXX_LANGUAGE_STANDARD = "gnu++0x";
				CLANG_CXX_LIBRARY = "libc++";
				CLANG_ENABLE_MODULES = YES;
				CLANG_ENABLE_OBJC_ARC = YES;
				CLANG_WARN_BOOL_CONVERSION = YES;
				CLANG_WARN_CONSTANT_CONVERSION = YES;
				CLANG_WARN_DIRECT_OBJC_ISA_USAGE = YES_ERROR;
				CLANG_WARN_EMPTY_BODY = YES;
				CLANG_WARN_ENUM_CONVERSION = YES;
				CLANG_WARN_INT_CONVERSION = YES;
				CLANG_WARN_OBJC_ROOT_CLASS = YES_ERROR;
				CLANG_WARN_UNREACHABLE_CODE = YES;
				CLANG_WARN__DUPLICATE_METHOD_MATCH = YES;
				"CODE_SIGN_IDENTITY[sdk=iphoneos*]" = "iPhone Developer";
				COPY_PHASE_STRIP = NO;
				DEBUG_INFORMATION_FORMAT = dwarf;
				ENABLE_STRICT_OBJC_MSGSEND = YES;
				ENABLE_TESTABILITY = YES;
				GCC_C_LANGUAGE_STANDARD = gnu99;
				GCC_DYNAMIC_NO_PIC = NO;
				GCC_NO_COMMON_BLOCKS = YES;
				GCC_OPTIMIZATION_LEVEL = 0;
				GCC_PREPROCESSOR_DEFINITIONS = (
					"DEBUG=1",
					"$(inherited)",
				);
				GCC_WARN_64_TO_32_BIT_CONVERSION = YES;
				GCC_WARN_ABOUT_RETURN_TYPE = YES_ERROR;
				GCC_WARN_UNDECLARED_SELECTOR = YES;
				GCC_WARN_UNINITIALIZED_AUTOS = YES_AGGRESSIVE;
				GCC_WARN_UNUSED_FUNCTION = YES;
				GCC_WARN_UNUSED_VARIABLE = YES;
				IPHONEOS_DEPLOYMENT_TARGET = 8.0;
				MTL_ENABLE_DEBUG_INFO = YES;
				ONLY_ACTIVE_ARCH = YES;
				SDKROOT = iphoneos;
				SWIFT_OPTIMIZATION_LEVEL = "-Onone";
			};
			name = Debug;
		};
		BDD1F5F81C41D09B00F53201 /* Release */ = {
			isa = XCBuildConfiguration;
			buildSettings = {
				ALWAYS_SEARCH_USER_PATHS = NO;
				CLANG_CXX_LANGUAGE_STANDARD = "gnu++0x";
				CLANG_CXX_LIBRARY = "libc++";
				CLANG_ENABLE_MODULES = YES;
				CLANG_ENABLE_OBJC_ARC = YES;
				CLANG_WARN_BOOL_CONVERSION = YES;
				CLANG_WARN_CONSTANT_CONVERSION = YES;
				CLANG_WARN_DIRECT_OBJC_ISA_USAGE = YES_ERROR;
				CLANG_WARN_EMPTY_BODY = YES;
				CLANG_WARN_ENUM_CONVERSION = YES;
				CLANG_WARN_INT_CONVERSION = YES;
				CLANG_WARN_OBJC_ROOT_CLASS = YES_ERROR;
				CLANG_WARN_UNREACHABLE_CODE = YES;
				CLANG_WARN__DUPLICATE_METHOD_MATCH = YES;
				"CODE_SIGN_IDENTITY[sdk=iphoneos*]" = "iPhone Developer";
				COPY_PHASE_STRIP = NO;
				DEBUG_INFORMATION_FORMAT = "dwarf-with-dsym";
				ENABLE_NS_ASSERTIONS = NO;
				ENABLE_STRICT_OBJC_MSGSEND = YES;
				GCC_C_LANGUAGE_STANDARD = gnu99;
				GCC_NO_COMMON_BLOCKS = YES;
				GCC_WARN_64_TO_32_BIT_CONVERSION = YES;
				GCC_WARN_ABOUT_RETURN_TYPE = YES_ERROR;
				GCC_WARN_UNDECLARED_SELECTOR = YES;
				GCC_WARN_UNINITIALIZED_AUTOS = YES_AGGRESSIVE;
				GCC_WARN_UNUSED_FUNCTION = YES;
				GCC_WARN_UNUSED_VARIABLE = YES;
				IPHONEOS_DEPLOYMENT_TARGET = 8.0;
				MTL_ENABLE_DEBUG_INFO = NO;
				SDKROOT = iphoneos;
				VALIDATE_PRODUCT = YES;
			};
			name = Release;
		};
		BDD1F5FA1C41D09B00F53201 /* Debug */ = {
			isa = XCBuildConfiguration;
			baseConfigurationReference = 94DFDEBEE065D5F199C17861 /* Pods-SuperPlayerPomodoro.debug.xcconfig */;
			buildSettings = {
				ASSETCATALOG_COMPILER_APPICON_NAME = AppIcon;
				CODE_SIGN_IDENTITY = "iPhone Developer";
				INFOPLIST_FILE = SuperPlayerPomodoro/Info.plist;
				IPHONEOS_DEPLOYMENT_TARGET = 8.0;
				LD_RUNPATH_SEARCH_PATHS = "$(inherited) @executable_path/Frameworks";
				PRODUCT_BUNDLE_IDENTIFIER = com.araujoraphael.SuperPlayerPomodoro;
				PRODUCT_NAME = "$(TARGET_NAME)";
			};
			name = Debug;
		};
		BDD1F5FB1C41D09B00F53201 /* Release */ = {
			isa = XCBuildConfiguration;
			baseConfigurationReference = 0D11DD03147EDA7DE888934F /* Pods-SuperPlayerPomodoro.release.xcconfig */;
			buildSettings = {
				ASSETCATALOG_COMPILER_APPICON_NAME = AppIcon;
				CODE_SIGN_IDENTITY = "iPhone Developer";
				INFOPLIST_FILE = SuperPlayerPomodoro/Info.plist;
				IPHONEOS_DEPLOYMENT_TARGET = 8.0;
				LD_RUNPATH_SEARCH_PATHS = "$(inherited) @executable_path/Frameworks";
				PRODUCT_BUNDLE_IDENTIFIER = com.araujoraphael.SuperPlayerPomodoro;
				PRODUCT_NAME = "$(TARGET_NAME)";
			};
			name = Release;
		};
/* End XCBuildConfiguration section */

/* Begin XCConfigurationList section */
		BDD1F5E01C41D09B00F53201 /* Build configuration list for PBXProject "SuperPlayerPomodoro" */ = {
			isa = XCConfigurationList;
			buildConfigurations = (
				BDD1F5F71C41D09B00F53201 /* Debug */,
				BDD1F5F81C41D09B00F53201 /* Release */,
			);
			defaultConfigurationIsVisible = 0;
			defaultConfigurationName = Release;
		};
		BDD1F5F91C41D09B00F53201 /* Build configuration list for PBXNativeTarget "SuperPlayerPomodoro" */ = {
			isa = XCConfigurationList;
			buildConfigurations = (
				BDD1F5FA1C41D09B00F53201 /* Debug */,
				BDD1F5FB1C41D09B00F53201 /* Release */,
			);
			defaultConfigurationIsVisible = 0;
			defaultConfigurationName = Release;
		};
/* End XCConfigurationList section */
	};
	rootObject = BDD1F5DD1C41D09B00F53201 /* Project object */;
}
